Microsoft Visual Studio Solution File, Format Version 12.00
# Visual Studio 2012
Project("{FAE04EC0-301F-11D3-BF4B-00C04F79EFBC}") = "YEZ", "YEZ.csproj", "{98FDF1F9-5DC4-4043-8FA5-EA507D430ACC}"
EndProject
Global
	GlobalSection(SolutionConfigurationPlatforms) = preSolution
	Debug|Any CPU = Debug|Any CPU
	ExportDebug|Any CPU = ExportDebug|Any CPU
	ExportRelease|Any CPU = ExportRelease|Any CPU
	EndGlobalSection
	GlobalSection(ProjectConfigurationPlatforms) = postSolution
		{98FDF1F9-5DC4-4043-8FA5-EA507D430ACC}.Debug|Any CPU.ActiveCfg = Debug|Any CPU
		{98FDF1F9-5DC4-4043-8FA5-EA507D430ACC}.Debug|Any CPU.Build.0 = Debug|Any CPU
		{98FDF1F9-5DC4-4043-8FA5-EA507D430ACC}.ExportDebug|Any CPU.ActiveCfg = ExportDebug|Any CPU
		{98FDF1F9-5DC4-4043-8FA5-EA507D430ACC}.ExportDebug|Any CPU.Build.0 = ExportDebug|Any CPU
		{98FDF1F9-5DC4-4043-8FA5-EA507D430ACC}.ExportRelease|Any CPU.ActiveCfg = ExportRelease|Any CPU
		{98FDF1F9-5DC4-4043-8FA5-EA507D430ACC}.ExportRelease|Any CPU.Build.0 = ExportRelease|Any CPU
	EndGlobalSection
EndGlobal
